// !$*UTF8*$!
{
	archiveVersion = 1;
	classes = {
	};
	objectVersion = 77;
	objects = {

/* Begin PBXBuildFile section */
		28A73E5E0F7ECF288DB087DD /* Pods_MovieDB.framework in Frameworks */ = {isa = PBXBuildFile; fileRef = 3ED43633800EAED2262C281D /* Pods_MovieDB.framework */; };
		76642CB42CB3D407009AC5CF /* AppDelegate.swift in Sources */ = {isa = PBXBuildFile; fileRef = 76642CAC2CB3D407009AC5CF /* AppDelegate.swift */; };
		76642CB52CB3D407009AC5CF /* SceneDelegate.swift in Sources */ = {isa = PBXBuildFile; fileRef = 76642CB12CB3D407009AC5CF /* SceneDelegate.swift */; };
		76642CB62CB3D407009AC5CF /* ViewController.swift in Sources */ = {isa = PBXBuildFile; fileRef = 76642CB22CB3D407009AC5CF /* ViewController.swift */; };
		76642CB72CB3D407009AC5CF /* Assets.xcassets in Resources */ = {isa = PBXBuildFile; fileRef = 76642CAD2CB3D407009AC5CF /* Assets.xcassets */; };
		76642CB92CB3D407009AC5CF /* LaunchScreen.storyboard in Resources */ = {isa = PBXBuildFile; fileRef = 76642CB02CB3D407009AC5CF /* LaunchScreen.storyboard */; };
		76642CC02CB3D460009AC5CF /* MovieTableViewCell.swift in Sources */ = {isa = PBXBuildFile; fileRef = 76642CBF2CB3D460009AC5CF /* MovieTableViewCell.swift */; };
		76642CC22CB3DB09009AC5CF /* Movie.swift in Sources */ = {isa = PBXBuildFile; fileRef = 76642CC12CB3DB04009AC5CF /* Movie.swift */; };
		76642CC42CB57714009AC5CF /* NetworkManager.swift in Sources */ = {isa = PBXBuildFile; fileRef = 76642CC32CB57714009AC5CF /* NetworkManager.swift */; };
		767B1A5A2CC39EE900E82976 /* MovieDetail.swift in Sources */ = {isa = PBXBuildFile; fileRef = 767B1A592CC39EE900E82976 /* MovieDetail.swift */; };
		767B1A5C2CC659C000E82976 /* GenreCollectionViewCell.swift in Sources */ = {isa = PBXBuildFile; fileRef = 767B1A5B2CC659C000E82976 /* GenreCollectionViewCell.swift */; };
		76C4C1222CEF952800D49D73 /* Genres.swift in Sources */ = {isa = PBXBuildFile; fileRef = 76C4C1212CEF952800D49D73 /* Genres.swift */; };
		76E92CE82CC133A0005789EE /* MovieDetailViewController.swift in Sources */ = {isa = PBXBuildFile; fileRef = 76E92CE72CC133A0005789EE /* MovieDetailViewController.swift */; };
		76E92CEB2CC1359F005789EE /* SnapKit in Frameworks */ = {isa = PBXBuildFile; productRef = 76E92CEA2CC1359F005789EE /* SnapKit */; };
/* End PBXBuildFile section */

/* Begin PBXFileReference section */
		3ED43633800EAED2262C281D /* Pods_MovieDB.framework */ = {isa = PBXFileReference; explicitFileType = wrapper.framework; includeInIndex = 0; path = Pods_MovieDB.framework; sourceTree = BUILT_PRODUCTS_DIR; };
		76642C942CB3CE5D009AC5CF /* MovieDB.app */ = {isa = PBXFileReference; explicitFileType = wrapper.application; includeInIndex = 0; path = MovieDB.app; sourceTree = BUILT_PRODUCTS_DIR; };
		76642CAC2CB3D407009AC5CF /* AppDelegate.swift */ = {isa = PBXFileReference; lastKnownFileType = sourcecode.swift; path = AppDelegate.swift; sourceTree = "<group>"; };
		76642CAD2CB3D407009AC5CF /* Assets.xcassets */ = {isa = PBXFileReference; lastKnownFileType = folder.assetcatalog; path = Assets.xcassets; sourceTree = "<group>"; };
		76642CAE2CB3D407009AC5CF /* Info.plist */ = {isa = PBXFileReference; lastKnownFileType = text.plist.xml; path = Info.plist; sourceTree = "<group>"; };
		76642CAF2CB3D407009AC5CF /* Base */ = {isa = PBXFileReference; lastKnownFileType = file.storyboard; name = Base; path = Base.lproj/LaunchScreen.storyboard; sourceTree = "<group>"; };
		76642CB12CB3D407009AC5CF /* SceneDelegate.swift */ = {isa = PBXFileReference; lastKnownFileType = sourcecode.swift; path = SceneDelegate.swift; sourceTree = "<group>"; };
		76642CB22CB3D407009AC5CF /* ViewController.swift */ = {isa = PBXFileReference; lastKnownFileType = sourcecode.swift; path = ViewController.swift; sourceTree = "<group>"; };
		76642CBF2CB3D460009AC5CF /* MovieTableViewCell.swift */ = {isa = PBXFileReference; lastKnownFileType = sourcecode.swift; path = MovieTableViewCell.swift; sourceTree = "<group>"; };
		76642CC12CB3DB04009AC5CF /* Movie.swift */ = {isa = PBXFileReference; lastKnownFileType = sourcecode.swift; path = Movie.swift; sourceTree = "<group>"; };
		76642CC32CB57714009AC5CF /* NetworkManager.swift */ = {isa = PBXFileReference; lastKnownFileType = sourcecode.swift; path = NetworkManager.swift; sourceTree = "<group>"; };
		767B1A592CC39EE900E82976 /* MovieDetail.swift */ = {isa = PBXFileReference; lastKnownFileType = sourcecode.swift; path = MovieDetail.swift; sourceTree = "<group>"; };
		767B1A5B2CC659C000E82976 /* GenreCollectionViewCell.swift */ = {isa = PBXFileReference; lastKnownFileType = sourcecode.swift; path = GenreCollectionViewCell.swift; sourceTree = "<group>"; };
		76C4C1212CEF952800D49D73 /* Genres.swift */ = {isa = PBXFileReference; lastKnownFileType = sourcecode.swift; path = Genres.swift; sourceTree = "<group>"; };
		76E92CE72CC133A0005789EE /* MovieDetailViewController.swift */ = {isa = PBXFileReference; lastKnownFileType = sourcecode.swift; path = MovieDetailViewController.swift; sourceTree = "<group>"; };
		AFB215B220EF85CED7400F8B /* Pods-MovieDB.debug.xcconfig */ = {isa = PBXFileReference; includeInIndex = 1; lastKnownFileType = text.xcconfig; name = "Pods-MovieDB.debug.xcconfig"; path = "Target Support Files/Pods-MovieDB/Pods-MovieDB.debug.xcconfig"; sourceTree = "<group>"; };
		D5383BF467D6C28EFF83D7CA /* Pods-MovieDB.release.xcconfig */ = {isa = PBXFileReference; includeInIndex = 1; lastKnownFileType = text.xcconfig; name = "Pods-MovieDB.release.xcconfig"; path = "Target Support Files/Pods-MovieDB/Pods-MovieDB.release.xcconfig"; sourceTree = "<group>"; };
/* End PBXFileReference section */

/* Begin PBXFrameworksBuildPhase section */
		76642C912CB3CE5D009AC5CF /* Frameworks */ = {
			isa = PBXFrameworksBuildPhase;
			buildActionMask = 2147483647;
			files = (
				76E92CEB2CC1359F005789EE /* SnapKit in Frameworks */,
				28A73E5E0F7ECF288DB087DD /* Pods_MovieDB.framework in Frameworks */,
			);
			runOnlyForDeploymentPostprocessing = 0;
		};
/* End PBXFrameworksBuildPhase section */

/* Begin PBXGroup section */
		03574877A4CDF49A6CF41D9F /* Frameworks */ = {
			isa = PBXGroup;
			children = (
				3ED43633800EAED2262C281D /* Pods_MovieDB.framework */,
			);
			name = Frameworks;
			sourceTree = "<group>";
		};
		29C57484E7A80512B1F3F2D7 /* Pods */ = {
			isa = PBXGroup;
			children = (
				AFB215B220EF85CED7400F8B /* Pods-MovieDB.debug.xcconfig */,
				D5383BF467D6C28EFF83D7CA /* Pods-MovieDB.release.xcconfig */,
			);
			name = Pods;
			path = Pods;
			sourceTree = "<group>";
		};
		76642C8B2CB3CE5D009AC5CF = {
			isa = PBXGroup;
			children = (
				76642CB32CB3D407009AC5CF /* MovieDB */,
				76642C952CB3CE5D009AC5CF /* Products */,
				29C57484E7A80512B1F3F2D7 /* Pods */,
				03574877A4CDF49A6CF41D9F /* Frameworks */,
			);
			sourceTree = "<group>";
		};
		76642C952CB3CE5D009AC5CF /* Products */ = {
			isa = PBXGroup;
			children = (
				76642C942CB3CE5D009AC5CF /* MovieDB.app */,
			);
			name = Products;
			sourceTree = "<group>";
		};
		76642CB32CB3D407009AC5CF /* MovieDB */ = {
			isa = PBXGroup;
			children = (
				76642CBD2CB3D431009AC5CF /* Views */,
				76642CBC2CB3D41E009AC5CF /* Models */,
				76642CBB2CB3D415009AC5CF /* Controllers */,
				76642CAC2CB3D407009AC5CF /* AppDelegate.swift */,
				76642CB12CB3D407009AC5CF /* SceneDelegate.swift */,
				76642CAD2CB3D407009AC5CF /* Assets.xcassets */,
				76642CAE2CB3D407009AC5CF /* Info.plist */,
				76642CB02CB3D407009AC5CF /* LaunchScreen.storyboard */,
			);
			path = MovieDB;
			sourceTree = "<group>";
		};
		76642CBB2CB3D415009AC5CF /* Controllers */ = {
			isa = PBXGroup;
			children = (
				76642CC32CB57714009AC5CF /* NetworkManager.swift */,
			);
			path = Controllers;
			sourceTree = "<group>";
		};
		76642CBC2CB3D41E009AC5CF /* Models */ = {
			isa = PBXGroup;
			children = (
				76642CC12CB3DB04009AC5CF /* Movie.swift */,
				767B1A592CC39EE900E82976 /* MovieDetail.swift */,
				76C4C1212CEF952800D49D73 /* Genres.swift */,
			);
			path = Models;
			sourceTree = "<group>";
		};
		76642CBD2CB3D431009AC5CF /* Views */ = {
			isa = PBXGroup;
			children = (
				76642CBE2CB3D436009AC5CF /* SubViews */,
				76642CB22CB3D407009AC5CF /* ViewController.swift */,
				76E92CE72CC133A0005789EE /* MovieDetailViewController.swift */,
			);
			path = Views;
			sourceTree = "<group>";
		};
		76642CBE2CB3D436009AC5CF /* SubViews */ = {
			isa = PBXGroup;
			children = (
				76642CBF2CB3D460009AC5CF /* MovieTableViewCell.swift */,
				767B1A5B2CC659C000E82976 /* GenreCollectionViewCell.swift */,
			);
			path = SubViews;
			sourceTree = "<group>";
		};
/* End PBXGroup section */

/* Begin PBXNativeTarget section */
		76642C932CB3CE5D009AC5CF /* MovieDB */ = {
			isa = PBXNativeTarget;
			buildConfigurationList = 76642CA72CB3CE5F009AC5CF /* Build configuration list for PBXNativeTarget "MovieDB" */;
			buildPhases = (
				18FCA9066065441DF8F2F128 /* [CP] Check Pods Manifest.lock */,
				76642C902CB3CE5D009AC5CF /* Sources */,
				76642C912CB3CE5D009AC5CF /* Frameworks */,
				76642C922CB3CE5D009AC5CF /* Resources */,
				0740295B4E1BD926F0994CBF /* [CP] Embed Pods Frameworks */,
			);
			buildRules = (
			);
			dependencies = (
			);
			name = MovieDB;
			packageProductDependencies = (
				76E92CEA2CC1359F005789EE /* SnapKit */,
			);
			productName = MovieDB;
			productReference = 76642C942CB3CE5D009AC5CF /* MovieDB.app */;
			productType = "com.apple.product-type.application";
		};
/* End PBXNativeTarget section */

/* Begin PBXProject section */
		76642C8C2CB3CE5D009AC5CF /* Project object */ = {
			isa = PBXProject;
			attributes = {
				BuildIndependentTargetsInParallel = 1;
				LastSwiftUpdateCheck = 1600;
				LastUpgradeCheck = 1600;
				TargetAttributes = {
					76642C932CB3CE5D009AC5CF = {
						CreatedOnToolsVersion = 16.0;
					};
				};
			};
			buildConfigurationList = 76642C8F2CB3CE5D009AC5CF /* Build configuration list for PBXProject "MovieDB" */;
			developmentRegion = en;
			hasScannedForEncodings = 0;
			knownRegions = (
				en,
				Base,
			);
			mainGroup = 76642C8B2CB3CE5D009AC5CF;
			minimizedProjectReferenceProxies = 1;
			packageReferences = (
				76E92CE92CC1359F005789EE /* XCRemoteSwiftPackageReference "SnapKit" */,
			);
			preferredProjectObjectVersion = 77;
			productRefGroup = 76642C952CB3CE5D009AC5CF /* Products */;
			projectDirPath = "";
			projectRoot = "";
			targets = (
				76642C932CB3CE5D009AC5CF /* MovieDB */,
			);
		};
/* End PBXProject section */

/* Begin PBXResourcesBuildPhase section */
		76642C922CB3CE5D009AC5CF /* Resources */ = {
			isa = PBXResourcesBuildPhase;
			buildActionMask = 2147483647;
			files = (
				76642CB72CB3D407009AC5CF /* Assets.xcassets in Resources */,
				76642CB92CB3D407009AC5CF /* LaunchScreen.storyboard in Resources */,
			);
			runOnlyForDeploymentPostprocessing = 0;
		};
/* End PBXResourcesBuildPhase section */

/* Begin PBXShellScriptBuildPhase section */
		0740295B4E1BD926F0994CBF /* [CP] Embed Pods Frameworks */ = {
			isa = PBXShellScriptBuildPhase;
			buildActionMask = 2147483647;
			files = (
			);
			inputFileListPaths = (
				"${PODS_ROOT}/Target Support Files/Pods-MovieDB/Pods-MovieDB-frameworks-${CONFIGURATION}-input-files.xcfilelist",
			);
			name = "[CP] Embed Pods Frameworks";
			outputFileListPaths = (
				"${PODS_ROOT}/Target Support Files/Pods-MovieDB/Pods-MovieDB-frameworks-${CONFIGURATION}-output-files.xcfilelist",
			);
			runOnlyForDeploymentPostprocessing = 0;
			shellPath = /bin/sh;
			shellScript = "\"${PODS_ROOT}/Target Support Files/Pods-MovieDB/Pods-MovieDB-frameworks.sh\"\n";
			showEnvVarsInLog = 0;
		};
		18FCA9066065441DF8F2F128 /* [CP] Check Pods Manifest.lock */ = {
			isa = PBXShellScriptBuildPhase;
			buildActionMask = 2147483647;
			files = (
			);
			inputFileListPaths = (
			);
			inputPaths = (
				"${PODS_PODFILE_DIR_PATH}/Podfile.lock",
				"${PODS_ROOT}/Manifest.lock",
			);
			name = "[CP] Check Pods Manifest.lock";
			outputFileListPaths = (
			);
			outputPaths = (
				"$(DERIVED_FILE_DIR)/Pods-MovieDB-checkManifestLockResult.txt",
			);
			runOnlyForDeploymentPostprocessing = 0;
			shellPath = /bin/sh;
			shellScript = "diff \"${PODS_PODFILE_DIR_PATH}/Podfile.lock\" \"${PODS_ROOT}/Manifest.lock\" > /dev/null\nif [ $? != 0 ] ; then\n    # print error to STDERR\n    echo \"error: The sandbox is not in sync with the Podfile.lock. Run 'pod install' or update your CocoaPods installation.\" >&2\n    exit 1\nfi\n# This output is used by Xcode 'outputs' to avoid re-running this script phase.\necho \"SUCCESS\" > \"${SCRIPT_OUTPUT_FILE_0}\"\n";
			showEnvVarsInLog = 0;
		};
/* End PBXShellScriptBuildPhase section */

/* Begin PBXSourcesBuildPhase section */
		76642C902CB3CE5D009AC5CF /* Sources */ = {
			isa = PBXSourcesBuildPhase;
			buildActionMask = 2147483647;
			files = (
				76642CC42CB57714009AC5CF /* NetworkManager.swift in Sources */,
				76C4C1222CEF952800D49D73 /* Genres.swift in Sources */,
				76642CB42CB3D407009AC5CF /* AppDelegate.swift in Sources */,
				76642CB52CB3D407009AC5CF /* SceneDelegate.swift in Sources */,
				76642CC02CB3D460009AC5CF /* MovieTableViewCell.swift in Sources */,
				76E92CE82CC133A0005789EE /* MovieDetailViewController.swift in Sources */,
				76642CB62CB3D407009AC5CF /* ViewController.swift in Sources */,
				76642CC22CB3DB09009AC5CF /* Movie.swift in Sources */,
				767B1A5C2CC659C000E82976 /* GenreCollectionViewCell.swift in Sources */,
				767B1A5A2CC39EE900E82976 /* MovieDetail.swift in Sources */,
			);
			runOnlyForDeploymentPostprocessing = 0;
		};
/* End PBXSourcesBuildPhase section */

/* Begin PBXVariantGroup section */
		76642CB02CB3D407009AC5CF /* LaunchScreen.storyboard */ = {
			isa = PBXVariantGroup;
			children = (
				76642CAF2CB3D407009AC5CF /* Base */,
			);
			name = LaunchScreen.storyboard;
			sourceTree = "<group>";
		};
/* End PBXVariantGroup section */

/* Begin XCBuildConfiguration section */
		76642CA82CB3CE5F009AC5CF /* Debug */ = {
			isa = XCBuildConfiguration;
			baseConfigurationReference = AFB215B220EF85CED7400F8B /* Pods-MovieDB.debug.xcconfig */;
			buildSettings = {
				ASSETCATALOG_COMPILER_APPICON_NAME = AppIcon;
				ASSETCATALOG_COMPILER_GLOBAL_ACCENT_COLOR_NAME = AccentColor;
				CODE_SIGN_STYLE = Automatic;
				CURRENT_PROJECT_VERSION = 1;
				GENERATE_INFOPLIST_FILE = YES;
				INFOPLIST_FILE = MovieDB/Info.plist;
				INFOPLIST_KEY_UIApplicationSupportsIndirectInputEvents = YES;
				INFOPLIST_KEY_UILaunchStoryboardName = LaunchScreen;
				INFOPLIST_KEY_UISupportedInterfaceOrientations_iPad = "UIInterfaceOrientationPortrait UIInterfaceOrientationPortraitUpsideDown UIInterfaceOrientationLandscapeLeft UIInterfaceOrientationLandscapeRight";
				INFOPLIST_KEY_UISupportedInterfaceOrientations_iPhone = "UIInterfaceOrientationPortrait UIInterfaceOrientationLandscapeLeft UIInterfaceOrientationLandscapeRight";
				LD_RUNPATH_SEARCH_PATHS = (
					"$(inherited)",
					"@executable_path/Frameworks",
				);
				MARKETING_VERSION = 1.0;
				PRODUCT_BUNDLE_IDENTIFIER = com.eb.MovieDB;
				PRODUCT_NAME = "$(TARGET_NAME)";
				SWIFT_EMIT_LOC_STRINGS = YES;
				SWIFT_VERSION = 5.0;
				TARGETED_DEVICE_FAMILY = "1,2";
			};
			name = Debug;
		};
		76642CA92CB3CE5F009AC5CF /* Release */ = {
			isa = XCBuildConfiguration;
			baseConfigurationReference = D5383BF467D6C28EFF83D7CA /* Pods-MovieDB.release.xcconfig */;
			buildSettings = {
				ASSETCATALOG_COMPILER_APPICON_NAME = AppIcon;
				ASSETCATALOG_COMPILER_GLOBAL_ACCENT_COLOR_NAME = AccentColor;
				CODE_SIGN_STYLE = Automatic;
				CURRENT_PROJECT_VERSION = 1;
				GENERATE_INFOPLIST_FILE = YES;
				INFOPLIST_FILE = MovieDB/Info.plist;
				INFOPLIST_KEY_UIApplicationSupportsIndirectInputEvents = YES;
				INFOPLIST_KEY_UILaunchStoryboardName = LaunchScreen;
				INFOPLIST_KEY_UISupportedInterfaceOrientations_iPad = "UIInterfaceOrientationPortrait UIInterfaceOrientationPortraitUpsideDown UIInterfaceOrientationLandscapeLeft UIInterfaceOrientationLandscapeRight";
				INFOPLIST_KEY_UISupportedInterfaceOrientations_iPhone = "UIInterfaceOrientationPortrait UIInterfaceOrientationLandscapeLeft UIInterfaceOrientationLandscapeRight";
				LD_RUNPATH_SEARCH_PATHS = (
					"$(inherited)",
					"@executable_path/Frameworks",
				);
				MARKETING_VERSION = 1.0;
				PRODUCT_BUNDLE_IDENTIFIER = com.eb.MovieDB;
				PRODUCT_NAME = "$(TARGET_NAME)";
				SWIFT_EMIT_LOC_STRINGS = YES;
				SWIFT_VERSION = 5.0;
				TARGETED_DEVICE_FAMILY = "1,2";
			};
			name = Release;
		};
		76642CAA2CB3CE5F009AC5CF /* Debug */ = {
			isa = XCBuildConfiguration;
			buildSettings = {
				ALWAYS_SEARCH_USER_PATHS = NO;
				ASSETCATALOG_COMPILER_GENERATE_SWIFT_ASSET_SYMBOL_EXTENSIONS = YES;
				CLANG_ANALYZER_NONNULL = YES;
				CLANG_ANALYZER_NUMBER_OBJECT_CONVERSION = YES_AGGRESSIVE;
				CLANG_CXX_LANGUAGE_STANDARD = "gnu++20";
				CLANG_ENABLE_MODULES = YES;
				CLANG_ENABLE_OBJC_ARC = YES;
				CLANG_ENABLE_OBJC_WEAK = YES;
				CLANG_WARN_BLOCK_CAPTURE_AUTORELEASING = YES;
				CLANG_WARN_BOOL_CONVERSION = YES;
				CLANG_WARN_COMMA = YES;
				CLANG_WARN_CONSTANT_CONVERSION = YES;
				CLANG_WARN_DEPRECATED_OBJC_IMPLEMENTATIONS = YES;
				CLANG_WARN_DIRECT_OBJC_ISA_USAGE = YES_ERROR;
				CLANG_WARN_DOCUMENTATION_COMMENTS = YES;
				CLANG_WARN_EMPTY_BODY = YES;
				CLANG_WARN_ENUM_CONVERSION = YES;
				CLANG_WARN_INFINITE_RECURSION = YES;
				CLANG_WARN_INT_CONVERSION = YES;
				CLANG_WARN_NON_LITERAL_NULL_CONVERSION = YES;
				CLANG_WARN_OBJC_IMPLICIT_RETAIN_SELF = YES;
				CLANG_WARN_OBJC_LITERAL_CONVERSION = YES;
				CLANG_WARN_OBJC_ROOT_CLASS = YES_ERROR;
				CLANG_WARN_QUOTED_INCLUDE_IN_FRAMEWORK_HEADER = YES;
				CLANG_WARN_RANGE_LOOP_ANALYSIS = YES;
				CLANG_WARN_STRICT_PROTOTYPES = YES;
				CLANG_WARN_SUSPICIOUS_MOVE = YES;
				CLANG_WARN_UNGUARDED_AVAILABILITY = YES_AGGRESSIVE;
				CLANG_WARN_UNREACHABLE_CODE = YES;
				CLANG_WARN__DUPLICATE_METHOD_MATCH = YES;
				COPY_PHASE_STRIP = NO;
				DEBUG_INFORMATION_FORMAT = dwarf;
				ENABLE_STRICT_OBJC_MSGSEND = YES;
				ENABLE_TESTABILITY = YES;
				ENABLE_USER_SCRIPT_SANDBOXING = YES;
				GCC_C_LANGUAGE_STANDARD = gnu17;
				GCC_DYNAMIC_NO_PIC = NO;
				GCC_NO_COMMON_BLOCKS = YES;
				GCC_OPTIMIZATION_LEVEL = 0;
				GCC_PREPROCESSOR_DEFINITIONS = (
					"DEBUG=1",
					"$(inherited)",
				);
				GCC_WARN_64_TO_32_BIT_CONVERSION = YES;
				GCC_WARN_ABOUT_RETURN_TYPE = YES_ERROR;
				GCC_WARN_UNDECLARED_SELECTOR = YES;
				GCC_WARN_UNINITIALIZED_AUTOS = YES_AGGRESSIVE;
				GCC_WARN_UNUSED_FUNCTION = YES;
				GCC_WARN_UNUSED_VARIABLE = YES;
				IPHONEOS_DEPLOYMENT_TARGET = 18.0;
				LOCALIZATION_PREFERS_STRING_CATALOGS = YES;
				MTL_ENABLE_DEBUG_INFO = INCLUDE_SOURCE;
				MTL_FAST_MATH = YES;
				ONLY_ACTIVE_ARCH = YES;
				SDKROOT = iphoneos;
				SWIFT_ACTIVE_COMPILATION_CONDITIONS = "DEBUG $(inherited)";
				SWIFT_OPTIMIZATION_LEVEL = "-Onone";
			};
			name = Debug;
		};
		76642CAB2CB3CE5F009AC5CF /* Release */ = {
			isa = XCBuildConfiguration;
			buildSettings = {
				ALWAYS_SEARCH_USER_PATHS = NO;
				ASSETCATALOG_COMPILER_GENERATE_SWIFT_ASSET_SYMBOL_EXTENSIONS = YES;
				CLANG_ANALYZER_NONNULL = YES;
				CLANG_ANALYZER_NUMBER_OBJECT_CONVERSION = YES_AGGRESSIVE;
				CLANG_CXX_LANGUAGE_STANDARD = "gnu++20";
				CLANG_ENABLE_MODULES = YES;
				CLANG_ENABLE_OBJC_ARC = YES;
				CLANG_ENABLE_OBJC_WEAK = YES;
				CLANG_WARN_BLOCK_CAPTURE_AUTORELEASING = YES;
				CLANG_WARN_BOOL_CONVERSION = YES;
				CLANG_WARN_COMMA = YES;
				CLANG_WARN_CONSTANT_CONVERSION = YES;
				CLANG_WARN_DEPRECATED_OBJC_IMPLEMENTATIONS = YES;
				CLANG_WARN_DIRECT_OBJC_ISA_USAGE = YES_ERROR;
				CLANG_WARN_DOCUMENTATION_COMMENTS = YES;
				CLANG_WARN_EMPTY_BODY = YES;
				CLANG_WARN_ENUM_CONVERSION = YES;
				CLANG_WARN_INFINITE_RECURSION = YES;
				CLANG_WARN_INT_CONVERSION = YES;
				CLANG_WARN_NON_LITERAL_NULL_CONVERSION = YES;
				CLANG_WARN_OBJC_IMPLICIT_RETAIN_SELF = YES;
				CLANG_WARN_OBJC_LITERAL_CONVERSION = YES;
				CLANG_WARN_OBJC_ROOT_CLASS = YES_ERROR;
				CLANG_WARN_QUOTED_INCLUDE_IN_FRAMEWORK_HEADER = YES;
				CLANG_WARN_RANGE_LOOP_ANALYSIS = YES;
				CLANG_WARN_STRICT_PROTOTYPES = YES;
				CLANG_WARN_SUSPICIOUS_MOVE = YES;
				CLANG_WARN_UNGUARDED_AVAILABILITY = YES_AGGRESSIVE;
				CLANG_WARN_UNREACHABLE_CODE = YES;
				CLANG_WARN__DUPLICATE_METHOD_MATCH = YES;
				COPY_PHASE_STRIP = NO;
				DEBUG_INFORMATION_FORMAT = "dwarf-with-dsym";
				ENABLE_NS_ASSERTIONS = NO;
				ENABLE_STRICT_OBJC_MSGSEND = YES;
				ENABLE_USER_SCRIPT_SANDBOXING = YES;
				GCC_C_LANGUAGE_STANDARD = gnu17;
				GCC_NO_COMMON_BLOCKS = YES;
				GCC_WARN_64_TO_32_BIT_CONVERSION = YES;
				GCC_WARN_ABOUT_RETURN_TYPE = YES_ERROR;
				GCC_WARN_UNDECLARED_SELECTOR = YES;
				GCC_WARN_UNINITIALIZED_AUTOS = YES_AGGRESSIVE;
				GCC_WARN_UNUSED_FUNCTION = YES;
				GCC_WARN_UNUSED_VARIABLE = YES;
				IPHONEOS_DEPLOYMENT_TARGET = 18.0;
				LOCALIZATION_PREFERS_STRING_CATALOGS = YES;
				MTL_ENABLE_DEBUG_INFO = NO;
				MTL_FAST_MATH = YES;
				SDKROOT = iphoneos;
				SWIFT_COMPILATION_MODE = wholemodule;
				VALIDATE_PRODUCT = YES;
			};
			name = Release;
		};
/* End XCBuildConfiguration section */

/* Begin XCConfigurationList section */
		76642C8F2CB3CE5D009AC5CF /* Build configuration list for PBXProject "MovieDB" */ = {
			isa = XCConfigurationList;
			buildConfigurations = (
				76642CAA2CB3CE5F009AC5CF /* Debug */,
				76642CAB2CB3CE5F009AC5CF /* Release */,
			);
			defaultConfigurationIsVisible = 0;
			defaultConfigurationName = Release;
		};
		76642CA72CB3CE5F009AC5CF /* Build configuration list for PBXNativeTarget "MovieDB" */ = {
			isa = XCConfigurationList;
			buildConfigurations = (
				76642CA82CB3CE5F009AC5CF /* Debug */,
				76642CA92CB3CE5F009AC5CF /* Release */,
			);
			defaultConfigurationIsVisible = 0;
			defaultConfigurationName = Release;
		};
/* End XCConfigurationList section */

/* Begin XCRemoteSwiftPackageReference section */
		76E92CE92CC1359F005789EE /* XCRemoteSwiftPackageReference "SnapKit" */ = {
			isa = XCRemoteSwiftPackageReference;
			repositoryURL = "https://github.com/SnapKit/SnapKit";
			requirement = {
				kind = upToNextMajorVersion;
				minimumVersion = 5.7.1;
			};
		};
/* End XCRemoteSwiftPackageReference section */

/* Begin XCSwiftPackageProductDependency section */
		76E92CEA2CC1359F005789EE /* SnapKit */ = {
			isa = XCSwiftPackageProductDependency;
			package = 76E92CE92CC1359F005789EE /* XCRemoteSwiftPackageReference "SnapKit" */;
			productName = SnapKit;
		};
/* End XCSwiftPackageProductDependency section */
	};
	rootObject = 76642C8C2CB3CE5D009AC5CF /* Project object */;
}
